# THIS IS AN AUTOGENERATED FILE. DO NOT EDIT THIS FILE DIRECTLY.
# yarn lockfile v1


"@elgato/schemas@^0.4.1":
  version "0.4.7"
  resolved "https://registry.npmjs.org/@elgato/schemas/-/schemas-0.4.7.tgz"
  integrity sha512-K+ddmggdomNOqP0oKL1rkIIwq8RdTz7rnRu7j9G9Rkvwzj9VAujDSNgg1+3tTLRgD6aHy5kZh0uKeonM/iIx8A==

"@elgato/streamdeck@^1.4.0":
  version "1.4.0"
  resolved "https://registry.yarnpkg.com/@elgato/streamdeck/-/streamdeck-1.4.0.tgz#990a9e7ecc5d2c2e3a9de3a4ecc59e3b63aa1f01"
  integrity sha512-VVwd+ce2Xt41TCW27TJuky5X78cI5OZcuhTUXsdfPtZ74Tjf0yo0Li5aaDUi8ew5NEsHufIWoMMZVViFkN6qLw==
  dependencies:
    "@elgato/schemas" "^0.4.1"
    ws "^8.18.0"

ws@^8.18.0:
  version "8.18.3"
  resolved "https://registry.npmjs.org/ws/-/ws-8.18.3.tgz"
  integrity sha512-PEIGCY5tSlUt50cqyMXfCzX+oOPqN0vuGqWzbcJ2xvnkzkq46oOpz7dQaTDBdfICb4N14+GARUDw2XV2N4tvzg==
